
Microsoft Visual Studio Solution File, Format Version 12.00
# Visual Studio Version 16
VisualStudioVersion = 16.0.29728.190
MinimumVisualStudioVersion = 10.0.40219.1
Project("{9A19103F-16F7-4668-BE54-9A1E7A4F7556}") = "MVC_ContosoUniversity", "MVC_ContosoUniversity\MVC_ContosoUniversity.csproj", "{64D9ADE8-CAC4-4BDE-B889-278FBA6B0604}"
EndProject
Global
	GlobalSection(SolutionConfigurationPlatforms) = preSolution
		Debug|Any CPU = Debug|Any CPU
		Release|Any CPU = Release|Any CPU
	EndGlobalSection
	GlobalSection(ProjectConfigurationPlatforms) = postSolution
		{64D9ADE8-CAC4-4BDE-B889-278FBA6B0604}.Debug|Any CPU.ActiveCfg = Debug|Any CPU
		{64D9ADE8-CAC4-4BDE-B889-278FBA6B0604}.Debug|Any CPU.Build.0 = Debug|Any CPU
		{64D9ADE8-CAC4-4BDE-B889-278FBA6B0604}.Release|Any CPU.ActiveCfg = Release|Any CPU
		{64D9ADE8-CAC4-4BDE-B889-278FBA6B0604}.Release|Any CPU.Build.0 = Release|Any CPU
	EndGlobalSection
	GlobalSection(SolutionProperties) = preSolution
		HideSolutionNode = FALSE
	EndGlobalSection
	GlobalSection(ExtensibilityGlobals) = postSolution
		SolutionGuid = {277B635B-90F3-4A6A-8293-D7F33F4828C4}
	EndGlobalSection
EndGlobal
